dependencies:
- name: application
  repository: https://stakater.github.io/stakater-charts
  version: 6.11.0
- name: postgresql
  repository: https://charts.bitnami.com/bitnami
  version: 18.0.8
digest: sha256:e4fafd5e89622969f3320b795628459bb2d88b98b972cfaa45f00d3a51149c84
generated: "2025-10-08T17:24:28.388889361Z"
