dependencies:
- name: application
  repository: https://stakater.github.io/stakater-charts
  version: 6.16.1
- name: postgresql
  repository: https://charts.bitnami.com/bitnami
  version: 18.5.24
digest: sha256:92e81aca59e7f62e31227aec6096313bff34b046458d3400ae6df3408dd464fb
generated: "2026-04-20T18:15:35.923840942Z"
