dependencies:
- name: application
  repository: https://stakater.github.io/stakater-charts
  version: 6.14.0
- name: postgresql
  repository: https://charts.bitnami.com/bitnami
  version: 18.1.10
digest: sha256:f792d338ce28b6238b7565e813348a8627a76f5c1f184d64984300c6d83540a5
generated: "2025-11-17T15:37:21.588247894Z"
